
Microsoft Visual Studio Solution File, Format Version 12.00
# Visual Studio Version 17
VisualStudioVersion = 17.8.34322.80
MinimumVisualStudioVersion = 10.0.40219.1
Project("{9A19103F-16F7-4668-BE54-9A1E7A4F7556}") = "BlazorAPI", "BlazorAPI\BlazorAPI.csproj", "{99E2D461-F5E5-48E9-B532-C7EA7C1FDC8B}"
EndProject
Project("{FAE04EC0-301F-11D3-BF4B-00C04F79EFBC}") = "API", "API\API.csproj", "{9BD40FBD-81C1-495F-BCC7-34DE9E7D3DEA}"
EndProject
Global
	GlobalSection(SolutionConfigurationPlatforms) = preSolution
		Debug|Any CPU = Debug|Any CPU
		Release|Any CPU = Release|Any CPU
	EndGlobalSection
	GlobalSection(ProjectConfigurationPlatforms) = postSolution
		{99E2D461-F5E5-48E9-B532-C7EA7C1FDC8B}.Debug|Any CPU.ActiveCfg = Debug|Any CPU
		{99E2D461-F5E5-48E9-B532-C7EA7C1FDC8B}.Debug|Any CPU.Build.0 = Debug|Any CPU
		{99E2D461-F5E5-48E9-B532-C7EA7C1FDC8B}.Release|Any CPU.ActiveCfg = Release|Any CPU
		{99E2D461-F5E5-48E9-B532-C7EA7C1FDC8B}.Release|Any CPU.Build.0 = Release|Any CPU
		{9BD40FBD-81C1-495F-BCC7-34DE9E7D3DEA}.Debug|Any CPU.ActiveCfg = Debug|Any CPU
		{9BD40FBD-81C1-495F-BCC7-34DE9E7D3DEA}.Debug|Any CPU.Build.0 = Debug|Any CPU
		{9BD40FBD-81C1-495F-BCC7-34DE9E7D3DEA}.Release|Any CPU.ActiveCfg = Release|Any CPU
		{9BD40FBD-81C1-495F-BCC7-34DE9E7D3DEA}.Release|Any CPU.Build.0 = Release|Any CPU
	EndGlobalSection
	GlobalSection(SolutionProperties) = preSolution
		HideSolutionNode = FALSE
	EndGlobalSection
	GlobalSection(ExtensibilityGlobals) = postSolution
		SolutionGuid = {3A792B74-C26C-4DF0-82D2-6DA0861E6997}
	EndGlobalSection
EndGlobal
